
Microsoft Visual Studio Solution File, Format Version 12.00
# Visual Studio Version 17
VisualStudioVersion = 17.6.33815.320
MinimumVisualStudioVersion = 10.0.40219.1
Project("{FAE04EC0-301F-11D3-BF4B-00C04F79EFBC}") = "Biblioteca", "Biblioteca\Biblioteca.csproj", "{96FB5342-8A73-4BF1-AE09-19B8F6AB349C}"
EndProject
Global
	GlobalSection(SolutionConfigurationPlatforms) = preSolution
		Debug|Any CPU = Debug|Any CPU
		Release|Any CPU = Release|Any CPU
	EndGlobalSection
	GlobalSection(ProjectConfigurationPlatforms) = postSolution
		{96FB5342-8A73-4BF1-AE09-19B8F6AB349C}.Debug|Any CPU.ActiveCfg = Debug|Any CPU
		{96FB5342-8A73-4BF1-AE09-19B8F6AB349C}.Debug|Any CPU.Build.0 = Debug|Any CPU
		{96FB5342-8A73-4BF1-AE09-19B8F6AB349C}.Release|Any CPU.ActiveCfg = Release|Any CPU
		{96FB5342-8A73-4BF1-AE09-19B8F6AB349C}.Release|Any CPU.Build.0 = Release|Any CPU
	EndGlobalSection
	GlobalSection(SolutionProperties) = preSolution
		HideSolutionNode = FALSE
	EndGlobalSection
	GlobalSection(ExtensibilityGlobals) = postSolution
		SolutionGuid = {B6599645-6721-4AF7-A46E-FEE21E5B1BBF}
	EndGlobalSection
EndGlobal
